
Microsoft Visual Studio Solution File, Format Version 12.00
# Visual Studio 15
VisualStudioVersion = 15.0.26430.16
MinimumVisualStudioVersion = 10.0.40219.1
Project("{FAE04EC0-301F-11D3-BF4B-00C04F79EFBC}") = "CubeXdotNET", "CubeXdotNET.csproj", "{6715AE98-30A7-4B67-B8C2-1A06C0D29C0D}"
EndProject
Project("{FAE04EC0-301F-11D3-BF4B-00C04F79EFBC}") = "CubeXdotNET Demo", "..\CubeXdotNET Demo\CubeXdotNET Demo.csproj", "{B800B380-B557-462A-BCFD-6DEDAA6E818F}"
EndProject
Global
	GlobalSection(SolutionConfigurationPlatforms) = preSolution
		Debug|Any CPU = Debug|Any CPU
		Release|Any CPU = Release|Any CPU
	EndGlobalSection
	GlobalSection(ProjectConfigurationPlatforms) = postSolution
		{6715AE98-30A7-4B67-B8C2-1A06C0D29C0D}.Debug|Any CPU.ActiveCfg = Debug|Any CPU
		{6715AE98-30A7-4B67-B8C2-1A06C0D29C0D}.Debug|Any CPU.Build.0 = Debug|Any CPU
		{6715AE98-30A7-4B67-B8C2-1A06C0D29C0D}.Release|Any CPU.ActiveCfg = Release|Any CPU
		{6715AE98-30A7-4B67-B8C2-1A06C0D29C0D}.Release|Any CPU.Build.0 = Release|Any CPU
		{B800B380-B557-462A-BCFD-6DEDAA6E818F}.Debug|Any CPU.ActiveCfg = Debug|Any CPU
		{B800B380-B557-462A-BCFD-6DEDAA6E818F}.Debug|Any CPU.Build.0 = Debug|Any CPU
		{B800B380-B557-462A-BCFD-6DEDAA6E818F}.Release|Any CPU.ActiveCfg = Release|Any CPU
		{B800B380-B557-462A-BCFD-6DEDAA6E818F}.Release|Any CPU.Build.0 = Release|Any CPU
	EndGlobalSection
	GlobalSection(SolutionProperties) = preSolution
		HideSolutionNode = FALSE
	EndGlobalSection
EndGlobal
